Microsoft Visual Studio Solution File, Format Version 12.00
# Visual Studio Version 17
VisualStudioVersion = 17.5.2.0
MinimumVisualStudioVersion = 10.0.40219.1
Project("{FAE04EC0-301F-11D3-BF4B-00C04F79EFBC}") = "HillClimbingHeuristic", "HillClimbingHeuristic.csproj", "{5E562995-77C3-9ADB-E905-88F449D3A7CA}"
EndProject
Global
	GlobalSection(SolutionConfigurationPlatforms) = preSolution
		Debug|Any CPU = Debug|Any CPU
		Release|Any CPU = Release|Any CPU
	EndGlobalSection
	GlobalSection(ProjectConfigurationPlatforms) = postSolution
		{5E562995-77C3-9ADB-E905-88F449D3A7CA}.Debug|Any CPU.ActiveCfg = Debug|Any CPU
		{5E562995-77C3-9ADB-E905-88F449D3A7CA}.Debug|Any CPU.Build.0 = Debug|Any CPU
		{5E562995-77C3-9ADB-E905-88F449D3A7CA}.Release|Any CPU.ActiveCfg = Release|Any CPU
		{5E562995-77C3-9ADB-E905-88F449D3A7CA}.Release|Any CPU.Build.0 = Release|Any CPU
	EndGlobalSection
	GlobalSection(SolutionProperties) = preSolution
		HideSolutionNode = FALSE
	EndGlobalSection
	GlobalSection(ExtensibilityGlobals) = postSolution
		SolutionGuid = {2E751FF8-B934-49F5-B78A-9AF72F58B260}
	EndGlobalSection
EndGlobal
